
Microsoft Visual Studio Solution File, Format Version 12.00
# Visual Studio Version 17
VisualStudioVersion = 17.4.33110.190
MinimumVisualStudioVersion = 10.0.40219.1
Project("{FAE04EC0-301F-11D3-BF4B-00C04F79EFBC}") = "POO_PrimeiroProjeto", "POO_PrimeiroProjeto\POO_PrimeiroProjeto.csproj", "{CA914F94-AE1E-414D-85C6-B0D76555436E}"
EndProject
Global
	GlobalSection(SolutionConfigurationPlatforms) = preSolution
		Debug|Any CPU = Debug|Any CPU
		Release|Any CPU = Release|Any CPU
	EndGlobalSection
	GlobalSection(ProjectConfigurationPlatforms) = postSolution
		{CA914F94-AE1E-414D-85C6-B0D76555436E}.Debug|Any CPU.ActiveCfg = Debug|Any CPU
		{CA914F94-AE1E-414D-85C6-B0D76555436E}.Debug|Any CPU.Build.0 = Debug|Any CPU
		{CA914F94-AE1E-414D-85C6-B0D76555436E}.Release|Any CPU.ActiveCfg = Release|Any CPU
		{CA914F94-AE1E-414D-85C6-B0D76555436E}.Release|Any CPU.Build.0 = Release|Any CPU
	EndGlobalSection
	GlobalSection(SolutionProperties) = preSolution
		HideSolutionNode = FALSE
	EndGlobalSection
	GlobalSection(ExtensibilityGlobals) = postSolution
		SolutionGuid = {F44F4854-D4F4-4DD2-A0B6-1B6CF485EA57}
	EndGlobalSection
EndGlobal
