
Microsoft Visual Studio Solution File, Format Version 12.00
# Visual Studio Version 17
VisualStudioVersion = 17.4.33110.190
MinimumVisualStudioVersion = 10.0.40219.1
Project("{FAE04EC0-301F-11D3-BF4B-00C04F79EFBC}") = "Trabalhando Com DataTimeSpan", "Trabalhando Com DataTimeSpan\Trabalhando Com DataTimeSpan.csproj", "{87150C96-397D-4900-B01E-82615BC756EC}"
EndProject
Global
	GlobalSection(SolutionConfigurationPlatforms) = preSolution
		Debug|Any CPU = Debug|Any CPU
		Release|Any CPU = Release|Any CPU
	EndGlobalSection
	GlobalSection(ProjectConfigurationPlatforms) = postSolution
		{87150C96-397D-4900-B01E-82615BC756EC}.Debug|Any CPU.ActiveCfg = Debug|Any CPU
		{87150C96-397D-4900-B01E-82615BC756EC}.Debug|Any CPU.Build.0 = Debug|Any CPU
		{87150C96-397D-4900-B01E-82615BC756EC}.Release|Any CPU.ActiveCfg = Release|Any CPU
		{87150C96-397D-4900-B01E-82615BC756EC}.Release|Any CPU.Build.0 = Release|Any CPU
	EndGlobalSection
	GlobalSection(SolutionProperties) = preSolution
		HideSolutionNode = FALSE
	EndGlobalSection
	GlobalSection(ExtensibilityGlobals) = postSolution
		SolutionGuid = {1A84C849-CDA7-44F2-B00C-2867A1991725}
	EndGlobalSection
EndGlobal
