
Microsoft Visual Studio Solution File, Format Version 12.00
# Visual Studio Version 17
VisualStudioVersion = 17.4.33110.190
MinimumVisualStudioVersion = 10.0.40219.1
Project("{FAE04EC0-301F-11D3-BF4B-00C04F79EFBC}") = "MatrizExercicio2", "MatrizExercicio2\MatrizExercicio2.csproj", "{FDC7194E-C995-48CD-B0D8-18F7D3ABD357}"
EndProject
Global
	GlobalSection(SolutionConfigurationPlatforms) = preSolution
		Debug|Any CPU = Debug|Any CPU
		Release|Any CPU = Release|Any CPU
	EndGlobalSection
	GlobalSection(ProjectConfigurationPlatforms) = postSolution
		{FDC7194E-C995-48CD-B0D8-18F7D3ABD357}.Debug|Any CPU.ActiveCfg = Debug|Any CPU
		{FDC7194E-C995-48CD-B0D8-18F7D3ABD357}.Debug|Any CPU.Build.0 = Debug|Any CPU
		{FDC7194E-C995-48CD-B0D8-18F7D3ABD357}.Release|Any CPU.ActiveCfg = Release|Any CPU
		{FDC7194E-C995-48CD-B0D8-18F7D3ABD357}.Release|Any CPU.Build.0 = Release|Any CPU
	EndGlobalSection
	GlobalSection(SolutionProperties) = preSolution
		HideSolutionNode = FALSE
	EndGlobalSection
	GlobalSection(ExtensibilityGlobals) = postSolution
		SolutionGuid = {52200338-5D8C-4C79-8223-37C4005E99AE}
	EndGlobalSection
EndGlobal
