
Microsoft Visual Studio Solution File, Format Version 12.00
# Visual Studio Version 17
VisualStudioVersion = 17.4.33110.190
MinimumVisualStudioVersion = 10.0.40219.1
Project("{FAE04EC0-301F-11D3-BF4B-00C04F79EFBC}") = "TrabalhandoComEnumeracoes", "TrabalhandoComEnumeracoes\TrabalhandoComEnumeracoes.csproj", "{BB10122A-1DEE-41DB-90B8-70EC6891E937}"
EndProject
Global
	GlobalSection(SolutionConfigurationPlatforms) = preSolution
		Debug|Any CPU = Debug|Any CPU
		Release|Any CPU = Release|Any CPU
	EndGlobalSection
	GlobalSection(ProjectConfigurationPlatforms) = postSolution
		{BB10122A-1DEE-41DB-90B8-70EC6891E937}.Debug|Any CPU.ActiveCfg = Debug|Any CPU
		{BB10122A-1DEE-41DB-90B8-70EC6891E937}.Debug|Any CPU.Build.0 = Debug|Any CPU
		{BB10122A-1DEE-41DB-90B8-70EC6891E937}.Release|Any CPU.ActiveCfg = Release|Any CPU
		{BB10122A-1DEE-41DB-90B8-70EC6891E937}.Release|Any CPU.Build.0 = Release|Any CPU
	EndGlobalSection
	GlobalSection(SolutionProperties) = preSolution
		HideSolutionNode = FALSE
	EndGlobalSection
	GlobalSection(ExtensibilityGlobals) = postSolution
		SolutionGuid = {3975B0EA-F250-41F8-8151-1128FB8CFC9A}
	EndGlobalSection
EndGlobal
